// !$*UTF8*$!
{
	archiveVersion = 1;
	classes = {
	};
	objectVersion = 48;
	objects = {

/* Begin PBXBuildFile section */
		C618316120F9164A00B30508 /* LinkedLitst.swift in Sources */ = {isa = PBXBuildFile; fileRef = C618316020F9164A00B30508 /* LinkedLitst.swift */; };
		C62DE8982107C75400647A2B /* Sort.swift in Sources */ = {isa = PBXBuildFile; fileRef = C62DE8972107C75400647A2B /* Sort.swift */; };
		CF3802F620B773B200024655 /* BinarySearch.swift in Sources */ = {isa = PBXBuildFile; fileRef = CF3802F520B773B200024655 /* BinarySearch.swift */; };
		CF514B3120ABB653006282B0 /* Stack.swift in Sources */ = {isa = PBXBuildFile; fileRef = CF514B3020ABB653006282B0 /* Stack.swift */; };
		CF514B3320ABB7F5006282B0 /* Queue.swift in Sources */ = {isa = PBXBuildFile; fileRef = CF514B3220ABB7F5006282B0 /* Queue.swift */; };
		CF73478A20B315780068DA61 /* BitSet.swift in Sources */ = {isa = PBXBuildFile; fileRef = CF73478920B315780068DA61 /* BitSet.swift */; };
		CF73479520B4D86A0068DA61 /* FixedSizeArray.swift in Sources */ = {isa = PBXBuildFile; fileRef = CF73479420B4D86A0068DA61 /* FixedSizeArray.swift */; };
		CF77F90920AB76DB00AD49E0 /* AppDelegate.swift in Sources */ = {isa = PBXBuildFile; fileRef = CF77F90820AB76DB00AD49E0 /* AppDelegate.swift */; };
		CF77F90B20AB76DB00AD49E0 /* ViewController.swift in Sources */ = {isa = PBXBuildFile; fileRef = CF77F90A20AB76DB00AD49E0 /* ViewController.swift */; };
		CF77F90E20AB76DB00AD49E0 /* Main.storyboard in Resources */ = {isa = PBXBuildFile; fileRef = CF77F90C20AB76DB00AD49E0 /* Main.storyboard */; };
		CF77F91020AB76DB00AD49E0 /* Assets.xcassets in Resources */ = {isa = PBXBuildFile; fileRef = CF77F90F20AB76DB00AD49E0 /* Assets.xcassets */; };
		CF77F91320AB76DB00AD49E0 /* LaunchScreen.storyboard in Resources */ = {isa = PBXBuildFile; fileRef = CF77F91120AB76DB00AD49E0 /* LaunchScreen.storyboard */; };
		CF77F91E20AB76DB00AD49E0 /* SwiftAlgorithmsTests.swift in Sources */ = {isa = PBXBuildFile; fileRef = CF77F91D20AB76DB00AD49E0 /* SwiftAlgorithmsTests.swift */; };
		CF77F92920AB76DB00AD49E0 /* SwiftAlgorithmsUITests.swift in Sources */ = {isa = PBXBuildFile; fileRef = CF77F92820AB76DB00AD49E0 /* SwiftAlgorithmsUITests.swift */; };
		CFE7997720ADF16A00B81543 /* QueueTests.swift in Sources */ = {isa = PBXBuildFile; fileRef = CFE7997620ADF16A00B81543 /* QueueTests.swift */; };
		CFE7997920AF535300B81543 /* Array2D.swift in Sources */ = {isa = PBXBuildFile; fileRef = CFE7997820AF535300B81543 /* Array2D.swift */; };
/* End PBXBuildFile section */

/* Begin PBXContainerItemProxy section */
		CF77F91A20AB76DB00AD49E0 /* PBXContainerItemProxy */ = {
			isa = PBXContainerItemProxy;
			containerPortal = CF77F8FD20AB76DB00AD49E0 /* Project object */;
			proxyType = 1;
			remoteGlobalIDString = CF77F90420AB76DB00AD49E0;
			remoteInfo = SwiftAlgorithms;
		};
		CF77F92520AB76DB00AD49E0 /* PBXContainerItemProxy */ = {
			isa = PBXContainerItemProxy;
			containerPortal = CF77F8FD20AB76DB00AD49E0 /* Project object */;
			proxyType = 1;
			remoteGlobalIDString = CF77F90420AB76DB00AD49E0;
			remoteInfo = SwiftAlgorithms;
		};
/* End PBXContainerItemProxy section */

/* Begin PBXFileReference section */
		C618316020F9164A00B30508 /* LinkedLitst.swift */ = {isa = PBXFileReference; lastKnownFileType = sourcecode.swift; path = LinkedLitst.swift; sourceTree = "<group>"; };
		C62DE8972107C75400647A2B /* Sort.swift */ = {isa = PBXFileReference; lastKnownFileType = sourcecode.swift; path = Sort.swift; sourceTree = "<group>"; };
		CF3802F520B773B200024655 /* BinarySearch.swift */ = {isa = PBXFileReference; lastKnownFileType = sourcecode.swift; path = BinarySearch.swift; sourceTree = "<group>"; };
		CF514B3020ABB653006282B0 /* Stack.swift */ = {isa = PBXFileReference; lastKnownFileType = sourcecode.swift; path = Stack.swift; sourceTree = "<group>"; };
		CF514B3220ABB7F5006282B0 /* Queue.swift */ = {isa = PBXFileReference; lastKnownFileType = sourcecode.swift; path = Queue.swift; sourceTree = "<group>"; };
		CF73478920B315780068DA61 /* BitSet.swift */ = {isa = PBXFileReference; lastKnownFileType = sourcecode.swift; path = BitSet.swift; sourceTree = "<group>"; };
		CF73479420B4D86A0068DA61 /* FixedSizeArray.swift */ = {isa = PBXFileReference; lastKnownFileType = sourcecode.swift; path = FixedSizeArray.swift; sourceTree = "<group>"; };
		CF77F90520AB76DB00AD49E0 /* SwiftAlgorithms.app */ = {isa = PBXFileReference; explicitFileType = wrapper.application; includeInIndex = 0; path = SwiftAlgorithms.app; sourceTree = BUILT_PRODUCTS_DIR; };
		CF77F90820AB76DB00AD49E0 /* AppDelegate.swift */ = {isa = PBXFileReference; lastKnownFileType = sourcecode.swift; path = AppDelegate.swift; sourceTree = "<group>"; };
		CF77F90A20AB76DB00AD49E0 /* ViewController.swift */ = {isa = PBXFileReference; lastKnownFileType = sourcecode.swift; path = ViewController.swift; sourceTree = "<group>"; };
		CF77F90D20AB76DB00AD49E0 /* Base */ = {isa = PBXFileReference; lastKnownFileType = file.storyboard; name = Base; path = Base.lproj/Main.storyboard; sourceTree = "<group>"; };
		CF77F90F20AB76DB00AD49E0 /* Assets.xcassets */ = {isa = PBXFileReference; lastKnownFileType = folder.assetcatalog; path = Assets.xcassets; sourceTree = "<group>"; };
		CF77F91220AB76DB00AD49E0 /* Base */ = {isa = PBXFileReference; lastKnownFileType = file.storyboard; name = Base; path = Base.lproj/LaunchScreen.storyboard; sourceTree = "<group>"; };
		CF77F91420AB76DB00AD49E0 /* Info.plist */ = {isa = PBXFileReference; lastKnownFileType = text.plist.xml; path = Info.plist; sourceTree = "<group>"; };
		CF77F91920AB76DB00AD49E0 /* SwiftAlgorithmsTests.xctest */ = {isa = PBXFileReference; explicitFileType = wrapper.cfbundle; includeInIndex = 0; path = SwiftAlgorithmsTests.xctest; sourceTree = BUILT_PRODUCTS_DIR; };
		CF77F91D20AB76DB00AD49E0 /* SwiftAlgorithmsTests.swift */ = {isa = PBXFileReference; lastKnownFileType = sourcecode.swift; path = SwiftAlgorithmsTests.swift; sourceTree = "<group>"; };
		CF77F91F20AB76DB00AD49E0 /* Info.plist */ = {isa = PBXFileReference; lastKnownFileType = text.plist.xml; path = Info.plist; sourceTree = "<group>"; };
		CF77F92420AB76DB00AD49E0 /* SwiftAlgorithmsUITests.xctest */ = {isa = PBXFileReference; explicitFileType = wrapper.cfbundle; includeInIndex = 0; path = SwiftAlgorithmsUITests.xctest; sourceTree = BUILT_PRODUCTS_DIR; };
		CF77F92820AB76DB00AD49E0 /* SwiftAlgorithmsUITests.swift */ = {isa = PBXFileReference; lastKnownFileType = sourcecode.swift; path = SwiftAlgorithmsUITests.swift; sourceTree = "<group>"; };
		CF77F92A20AB76DB00AD49E0 /* Info.plist */ = {isa = PBXFileReference; lastKnownFileType = text.plist.xml; path = Info.plist; sourceTree = "<group>"; };
		CFE7997620ADF16A00B81543 /* QueueTests.swift */ = {isa = PBXFileReference; lastKnownFileType = sourcecode.swift; path = QueueTests.swift; sourceTree = "<group>"; };
		CFE7997820AF535300B81543 /* Array2D.swift */ = {isa = PBXFileReference; lastKnownFileType = sourcecode.swift; path = Array2D.swift; sourceTree = "<group>"; };
/* End PBXFileReference section */

/* Begin PBXFrameworksBuildPhase section */
		CF77F90220AB76DB00AD49E0 /* Frameworks */ = {
			isa = PBXFrameworksBuildPhase;
			buildActionMask = 2147483647;
			files = (
			);
			runOnlyForDeploymentPostprocessing = 0;
		};
		CF77F91620AB76DB00AD49E0 /* Frameworks */ = {
			isa = PBXFrameworksBuildPhase;
			buildActionMask = 2147483647;
			files = (
			);
			runOnlyForDeploymentPostprocessing = 0;
		};
		CF77F92120AB76DB00AD49E0 /* Frameworks */ = {
			isa = PBXFrameworksBuildPhase;
			buildActionMask = 2147483647;
			files = (
			);
			runOnlyForDeploymentPostprocessing = 0;
		};
/* End PBXFrameworksBuildPhase section */

/* Begin PBXGroup section */
		CF514B2F20ABB63E006282B0 /* DataStructures */ = {
			isa = PBXGroup;
			children = (
				CF514B3020ABB653006282B0 /* Stack.swift */,
				CF514B3220ABB7F5006282B0 /* Queue.swift */,
				CFE7997820AF535300B81543 /* Array2D.swift */,
				CF73478920B315780068DA61 /* BitSet.swift */,
				CF73479420B4D86A0068DA61 /* FixedSizeArray.swift */,
				CF3802F520B773B200024655 /* BinarySearch.swift */,
				C618316020F9164A00B30508 /* LinkedLitst.swift */,
				C62DE8972107C75400647A2B /* Sort.swift */,
			);
			path = DataStructures;
			sourceTree = "<group>";
		};
		CF77F8FC20AB76DB00AD49E0 = {
			isa = PBXGroup;
			children = (
				CF77F90720AB76DB00AD49E0 /* SwiftAlgorithms */,
				CF77F91C20AB76DB00AD49E0 /* SwiftAlgorithmsTests */,
				CF77F92720AB76DB00AD49E0 /* SwiftAlgorithmsUITests */,
				CF77F90620AB76DB00AD49E0 /* Products */,
			);
			sourceTree = "<group>";
		};
		CF77F90620AB76DB00AD49E0 /* Products */ = {
			isa = PBXGroup;
			children = (
				CF77F90520AB76DB00AD49E0 /* SwiftAlgorithms.app */,
				CF77F91920AB76DB00AD49E0 /* SwiftAlgorithmsTests.xctest */,
				CF77F92420AB76DB00AD49E0 /* SwiftAlgorithmsUITests.xctest */,
			);
			name = Products;
			sourceTree = "<group>";
		};
		CF77F90720AB76DB00AD49E0 /* SwiftAlgorithms */ = {
			isa = PBXGroup;
			children = (
				CF514B2F20ABB63E006282B0 /* DataStructures */,
				CF77F90820AB76DB00AD49E0 /* AppDelegate.swift */,
				CF77F90A20AB76DB00AD49E0 /* ViewController.swift */,
				CF77F90C20AB76DB00AD49E0 /* Main.storyboard */,
				CF77F90F20AB76DB00AD49E0 /* Assets.xcassets */,
				CF77F91120AB76DB00AD49E0 /* LaunchScreen.storyboard */,
				CF77F91420AB76DB00AD49E0 /* Info.plist */,
			);
			path = SwiftAlgorithms;
			sourceTree = "<group>";
		};
		CF77F91C20AB76DB00AD49E0 /* SwiftAlgorithmsTests */ = {
			isa = PBXGroup;
			children = (
				CF77F91D20AB76DB00AD49E0 /* SwiftAlgorithmsTests.swift */,
				CF77F91F20AB76DB00AD49E0 /* Info.plist */,
				CFE7997620ADF16A00B81543 /* QueueTests.swift */,
			);
			path = SwiftAlgorithmsTests;
			sourceTree = "<group>";
		};
		CF77F92720AB76DB00AD49E0 /* SwiftAlgorithmsUITests */ = {
			isa = PBXGroup;
			children = (
				CF77F92820AB76DB00AD49E0 /* SwiftAlgorithmsUITests.swift */,
				CF77F92A20AB76DB00AD49E0 /* Info.plist */,
			);
			path = SwiftAlgorithmsUITests;
			sourceTree = "<group>";
		};
/* End PBXGroup section */

/* Begin PBXNativeTarget section */
		CF77F90420AB76DB00AD49E0 /* SwiftAlgorithms */ = {
			isa = PBXNativeTarget;
			buildConfigurationList = CF77F92D20AB76DB00AD49E0 /* Build configuration list for PBXNativeTarget "SwiftAlgorithms" */;
			buildPhases = (
				CF77F90120AB76DB00AD49E0 /* Sources */,
				CF77F90220AB76DB00AD49E0 /* Frameworks */,
				CF77F90320AB76DB00AD49E0 /* Resources */,
			);
			buildRules = (
			);
			dependencies = (
			);
			name = SwiftAlgorithms;
			productName = SwiftAlgorithms;
			productReference = CF77F90520AB76DB00AD49E0 /* SwiftAlgorithms.app */;
			productType = "com.apple.product-type.application";
		};
		CF77F91820AB76DB00AD49E0 /* SwiftAlgorithmsTests */ = {
			isa = PBXNativeTarget;
			buildConfigurationList = CF77F93020AB76DB00AD49E0 /* Build configuration list for PBXNativeTarget "SwiftAlgorithmsTests" */;
			buildPhases = (
				CF77F91520AB76DB00AD49E0 /* Sources */,
				CF77F91620AB76DB00AD49E0 /* Frameworks */,
				CF77F91720AB76DB00AD49E0 /* Resources */,
			);
			buildRules = (
			);
			dependencies = (
				CF77F91B20AB76DB00AD49E0 /* PBXTargetDependency */,
			);
			name = SwiftAlgorithmsTests;
			productName = SwiftAlgorithmsTests;
			productReference = CF77F91920AB76DB00AD49E0 /* SwiftAlgorithmsTests.xctest */;
			productType = "com.apple.product-type.bundle.unit-test";
		};
		CF77F92320AB76DB00AD49E0 /* SwiftAlgorithmsUITests */ = {
			isa = PBXNativeTarget;
			buildConfigurationList = CF77F93320AB76DB00AD49E0 /* Build configuration list for PBXNativeTarget "SwiftAlgorithmsUITests" */;
			buildPhases = (
				CF77F92020AB76DB00AD49E0 /* Sources */,
				CF77F92120AB76DB00AD49E0 /* Frameworks */,
				CF77F92220AB76DB00AD49E0 /* Resources */,
			);
			buildRules = (
			);
			dependencies = (
				CF77F92620AB76DB00AD49E0 /* PBXTargetDependency */,
			);
			name = SwiftAlgorithmsUITests;
			productName = SwiftAlgorithmsUITests;
			productReference = CF77F92420AB76DB00AD49E0 /* SwiftAlgorithmsUITests.xctest */;
			productType = "com.apple.product-type.bundle.ui-testing";
		};
/* End PBXNativeTarget section */

/* Begin PBXProject section */
		CF77F8FD20AB76DB00AD49E0 /* Project object */ = {
			isa = PBXProject;
			attributes = {
				LastSwiftUpdateCheck = 0920;
				LastUpgradeCheck = 0920;
				ORGANIZATIONNAME = Burri;
				TargetAttributes = {
					CF77F90420AB76DB00AD49E0 = {
						CreatedOnToolsVersion = 9.2;
						ProvisioningStyle = Manual;
					};
					CF77F91820AB76DB00AD49E0 = {
						CreatedOnToolsVersion = 9.2;
						ProvisioningStyle = Automatic;
						TestTargetID = CF77F90420AB76DB00AD49E0;
					};
					CF77F92320AB76DB00AD49E0 = {
						CreatedOnToolsVersion = 9.2;
						ProvisioningStyle = Automatic;
						TestTargetID = CF77F90420AB76DB00AD49E0;
					};
				};
			};
			buildConfigurationList = CF77F90020AB76DB00AD49E0 /* Build configuration list for PBXProject "SwiftAlgorithms" */;
			compatibilityVersion = "Xcode 8.0";
			developmentRegion = en;
			hasScannedForEncodings = 0;
			knownRegions = (
				en,
				Base,
			);
			mainGroup = CF77F8FC20AB76DB00AD49E0;
			productRefGroup = CF77F90620AB76DB00AD49E0 /* Products */;
			projectDirPath = "";
			projectRoot = "";
			targets = (
				CF77F90420AB76DB00AD49E0 /* SwiftAlgorithms */,
				CF77F91820AB76DB00AD49E0 /* SwiftAlgorithmsTests */,
				CF77F92320AB76DB00AD49E0 /* SwiftAlgorithmsUITests */,
			);
		};
/* End PBXProject section */

/* Begin PBXResourcesBuildPhase section */
		CF77F90320AB76DB00AD49E0 /* Resources */ = {
			isa = PBXResourcesBuildPhase;
			buildActionMask = 2147483647;
			files = (
				CF77F91320AB76DB00AD49E0 /* LaunchScreen.storyboard in Resources */,
				CF77F91020AB76DB00AD49E0 /* Assets.xcassets in Resources */,
				CF77F90E20AB76DB00AD49E0 /* Main.storyboard in Resources */,
			);
			runOnlyForDeploymentPostprocessing = 0;
		};
		CF77F91720AB76DB00AD49E0 /* Resources */ = {
			isa = PBXResourcesBuildPhase;
			buildActionMask = 2147483647;
			files = (
			);
			runOnlyForDeploymentPostprocessing = 0;
		};
		CF77F92220AB76DB00AD49E0 /* Resources */ = {
			isa = PBXResourcesBuildPhase;
			buildActionMask = 2147483647;
			files = (
			);
			runOnlyForDeploymentPostprocessing = 0;
		};
/* End PBXResourcesBuildPhase section */

/* Begin PBXSourcesBuildPhase section */
		CF77F90120AB76DB00AD49E0 /* Sources */ = {
			isa = PBXSourcesBuildPhase;
			buildActionMask = 2147483647;
			files = (
				C618316120F9164A00B30508 /* LinkedLitst.swift in Sources */,
				C62DE8982107C75400647A2B /* Sort.swift in Sources */,
				CF3802F620B773B200024655 /* BinarySearch.swift in Sources */,
				CF73478A20B315780068DA61 /* BitSet.swift in Sources */,
				CF77F90B20AB76DB00AD49E0 /* ViewController.swift in Sources */,
				CF514B3120ABB653006282B0 /* Stack.swift in Sources */,
				CF77F90920AB76DB00AD49E0 /* AppDelegate.swift in Sources */,
				CF73479520B4D86A0068DA61 /* FixedSizeArray.swift in Sources */,
				CF514B3320ABB7F5006282B0 /* Queue.swift in Sources */,
				CFE7997920AF535300B81543 /* Array2D.swift in Sources */,
			);
			runOnlyForDeploymentPostprocessing = 0;
		};
		CF77F91520AB76DB00AD49E0 /* Sources */ = {
			isa = PBXSourcesBuildPhase;
			buildActionMask = 2147483647;
			files = (
				CF77F91E20AB76DB00AD49E0 /* SwiftAlgorithmsTests.swift in Sources */,
				CFE7997720ADF16A00B81543 /* QueueTests.swift in Sources */,
			);
			runOnlyForDeploymentPostprocessing = 0;
		};
		CF77F92020AB76DB00AD49E0 /* Sources */ = {
			isa = PBXSourcesBuildPhase;
			buildActionMask = 2147483647;
			files = (
				CF77F92920AB76DB00AD49E0 /* SwiftAlgorithmsUITests.swift in Sources */,
			);
			runOnlyForDeploymentPostprocessing = 0;
		};
/* End PBXSourcesBuildPhase section */

/* Begin PBXTargetDependency section */
		CF77F91B20AB76DB00AD49E0 /* PBXTargetDependency */ = {
			isa = PBXTargetDependency;
			target = CF77F90420AB76DB00AD49E0 /* SwiftAlgorithms */;
			targetProxy = CF77F91A20AB76DB00AD49E0 /* PBXContainerItemProxy */;
		};
		CF77F92620AB76DB00AD49E0 /* PBXTargetDependency */ = {
			isa = PBXTargetDependency;
			target = CF77F90420AB76DB00AD49E0 /* SwiftAlgorithms */;
			targetProxy = CF77F92520AB76DB00AD49E0 /* PBXContainerItemProxy */;
		};
/* End PBXTargetDependency section */

/* Begin PBXVariantGroup section */
		CF77F90C20AB76DB00AD49E0 /* Main.storyboard */ = {
			isa = PBXVariantGroup;
			children = (
				CF77F90D20AB76DB00AD49E0 /* Base */,
			);
			name = Main.storyboard;
			sourceTree = "<group>";
		};
		CF77F91120AB76DB00AD49E0 /* LaunchScreen.storyboard */ = {
			isa = PBXVariantGroup;
			children = (
				CF77F91220AB76DB00AD49E0 /* Base */,
			);
			name = LaunchScreen.storyboard;
			sourceTree = "<group>";
		};
/* End PBXVariantGroup section */

/* Begin XCBuildConfiguration section */
		CF77F92B20AB76DB00AD49E0 /* Debug */ = {
			isa = XCBuildConfiguration;
			buildSettings = {
				ALWAYS_SEARCH_USER_PATHS = NO;
				CLANG_ANALYZER_NONNULL = YES;
				CLANG_ANALYZER_NUMBER_OBJECT_CONVERSION = YES_AGGRESSIVE;
				CLANG_CXX_LANGUAGE_STANDARD = "gnu++14";
				CLANG_CXX_LIBRARY = "libc++";
				CLANG_ENABLE_MODULES = YES;
				CLANG_ENABLE_OBJC_ARC = YES;
				CLANG_WARN_BLOCK_CAPTURE_AUTORELEASING = YES;
				CLANG_WARN_BOOL_CONVERSION = YES;
				CLANG_WARN_COMMA = YES;
				CLANG_WARN_CONSTANT_CONVERSION = YES;
				CLANG_WARN_DIRECT_OBJC_ISA_USAGE = YES_ERROR;
				CLANG_WARN_DOCUMENTATION_COMMENTS = YES;
				CLANG_WARN_EMPTY_BODY = YES;
				CLANG_WARN_ENUM_CONVERSION = YES;
				CLANG_WARN_INFINITE_RECURSION = YES;
				CLANG_WARN_INT_CONVERSION = YES;
				CLANG_WARN_NON_LITERAL_NULL_CONVERSION = YES;
				CLANG_WARN_OBJC_LITERAL_CONVERSION = YES;
				CLANG_WARN_OBJC_ROOT_CLASS = YES_ERROR;
				CLANG_WARN_RANGE_LOOP_ANALYSIS = YES;
				CLANG_WARN_STRICT_PROTOTYPES = YES;
				CLANG_WARN_SUSPICIOUS_MOVE = YES;
				CLANG_WARN_UNGUARDED_AVAILABILITY = YES_AGGRESSIVE;
				CLANG_WARN_UNREACHABLE_CODE = YES;
				CLANG_WARN__DUPLICATE_METHOD_MATCH = YES;
				CODE_SIGN_IDENTITY = "iPhone Developer";
				COPY_PHASE_STRIP = NO;
				DEBUG_INFORMATION_FORMAT = dwarf;
				ENABLE_STRICT_OBJC_MSGSEND = YES;
				ENABLE_TESTABILITY = YES;
				GCC_C_LANGUAGE_STANDARD = gnu11;
				GCC_DYNAMIC_NO_PIC = NO;
				GCC_NO_COMMON_BLOCKS = YES;
				GCC_OPTIMIZATION_LEVEL = 0;
				GCC_PREPROCESSOR_DEFINITIONS = (
					"DEBUG=1",
					"$(inherited)",
				);
				GCC_WARN_64_TO_32_BIT_CONVERSION = YES;
				GCC_WARN_ABOUT_RETURN_TYPE = YES_ERROR;
				GCC_WARN_UNDECLARED_SELECTOR = YES;
				GCC_WARN_UNINITIALIZED_AUTOS = YES_AGGRESSIVE;
				GCC_WARN_UNUSED_FUNCTION = YES;
				GCC_WARN_UNUSED_VARIABLE = YES;
				IPHONEOS_DEPLOYMENT_TARGET = 11.2;
				MTL_ENABLE_DEBUG_INFO = YES;
				ONLY_ACTIVE_ARCH = YES;
				SDKROOT = iphoneos;
				SWIFT_ACTIVE_COMPILATION_CONDITIONS = DEBUG;
				SWIFT_OPTIMIZATION_LEVEL = "-Onone";
			};
			name = Debug;
		};
		CF77F92C20AB76DB00AD49E0 /* Release */ = {
			isa = XCBuildConfiguration;
			buildSettings = {
				ALWAYS_SEARCH_USER_PATHS = NO;
				CLANG_ANALYZER_NONNULL = YES;
				CLANG_ANALYZER_NUMBER_OBJECT_CONVERSION = YES_AGGRESSIVE;
				CLANG_CXX_LANGUAGE_STANDARD = "gnu++14";
				CLANG_CXX_LIBRARY = "libc++";
				CLANG_ENABLE_MODULES = YES;
				CLANG_ENABLE_OBJC_ARC = YES;
				CLANG_WARN_BLOCK_CAPTURE_AUTORELEASING = YES;
				CLANG_WARN_BOOL_CONVERSION = YES;
				CLANG_WARN_COMMA = YES;
				CLANG_WARN_CONSTANT_CONVERSION = YES;
				CLANG_WARN_DIRECT_OBJC_ISA_USAGE = YES_ERROR;
				CLANG_WARN_DOCUMENTATION_COMMENTS = YES;
				CLANG_WARN_EMPTY_BODY = YES;
				CLANG_WARN_ENUM_CONVERSION = YES;
				CLANG_WARN_INFINITE_RECURSION = YES;
				CLANG_WARN_INT_CONVERSION = YES;
				CLANG_WARN_NON_LITERAL_NULL_CONVERSION = YES;
				CLANG_WARN_OBJC_LITERAL_CONVERSION = YES;
				CLANG_WARN_OBJC_ROOT_CLASS = YES_ERROR;
				CLANG_WARN_RANGE_LOOP_ANALYSIS = YES;
				CLANG_WARN_STRICT_PROTOTYPES = YES;
				CLANG_WARN_SUSPICIOUS_MOVE = YES;
				CLANG_WARN_UNGUARDED_AVAILABILITY = YES_AGGRESSIVE;
				CLANG_WARN_UNREACHABLE_CODE = YES;
				CLANG_WARN__DUPLICATE_METHOD_MATCH = YES;
				CODE_SIGN_IDENTITY = "iPhone Developer";
				COPY_PHASE_STRIP = NO;
				DEBUG_INFORMATION_FORMAT = "dwarf-with-dsym";
				ENABLE_NS_ASSERTIONS = NO;
				ENABLE_STRICT_OBJC_MSGSEND = YES;
				GCC_C_LANGUAGE_STANDARD = gnu11;
				GCC_NO_COMMON_BLOCKS = YES;
				GCC_WARN_64_TO_32_BIT_CONVERSION = YES;
				GCC_WARN_ABOUT_RETURN_TYPE = YES_ERROR;
				GCC_WARN_UNDECLARED_SELECTOR = YES;
				GCC_WARN_UNINITIALIZED_AUTOS = YES_AGGRESSIVE;
				GCC_WARN_UNUSED_FUNCTION = YES;
				GCC_WARN_UNUSED_VARIABLE = YES;
				IPHONEOS_DEPLOYMENT_TARGET = 11.2;
				MTL_ENABLE_DEBUG_INFO = NO;
				SDKROOT = iphoneos;
				SWIFT_OPTIMIZATION_LEVEL = "-Owholemodule";
				VALIDATE_PRODUCT = YES;
			};
			name = Release;
		};
		CF77F92E20AB76DB00AD49E0 /* Debug */ = {
			isa = XCBuildConfiguration;
			buildSettings = {
				ASSETCATALOG_COMPILER_APPICON_NAME = AppIcon;
				CODE_SIGN_STYLE = Manual;
				DEVELOPMENT_TEAM = "";
				INFOPLIST_FILE = SwiftAlgorithms/Info.plist;
				IPHONEOS_DEPLOYMENT_TARGET = 10.0;
				LD_RUNPATH_SEARCH_PATHS = "$(inherited) @executable_path/Frameworks";
				PRODUCT_BUNDLE_IDENTIFIER = com.rogers.MyPractice;
				PRODUCT_NAME = "$(TARGET_NAME)";
				PROVISIONING_PROFILE_SPECIFIER = "";
				SWIFT_OPTIMIZATION_LEVEL = "-Onone";
				SWIFT_VERSION = 4.0;
				TARGETED_DEVICE_FAMILY = "1,2";
			};
			name = Debug;
		};
		CF77F92F20AB76DB00AD49E0 /* Release */ = {
			isa = XCBuildConfiguration;
			buildSettings = {
				ASSETCATALOG_COMPILER_APPICON_NAME = AppIcon;
				CODE_SIGN_STYLE = Manual;
				DEVELOPMENT_TEAM = "";
				INFOPLIST_FILE = SwiftAlgorithms/Info.plist;
				IPHONEOS_DEPLOYMENT_TARGET = 10.0;
				LD_RUNPATH_SEARCH_PATHS = "$(inherited) @executable_path/Frameworks";
				PRODUCT_BUNDLE_IDENTIFIER = com.rogers.MyPractice;
				PRODUCT_NAME = "$(TARGET_NAME)";
				PROVISIONING_PROFILE_SPECIFIER = "";
				SWIFT_VERSION = 4.0;
				TARGETED_DEVICE_FAMILY = "1,2";
			};
			name = Release;
		};
		CF77F93120AB76DB00AD49E0 /* Debug */ = {
			isa = XCBuildConfiguration;
			buildSettings = {
				ALWAYS_EMBED_SWIFT_STANDARD_LIBRARIES = YES;
				BUNDLE_LOADER = "$(TEST_HOST)";
				CODE_SIGN_STYLE = Automatic;
				INFOPLIST_FILE = SwiftAlgorithmsTests/Info.plist;
				LD_RUNPATH_SEARCH_PATHS = "$(inherited) @executable_path/Frameworks @loader_path/Frameworks";
				PRODUCT_BUNDLE_IDENTIFIER = com.rogers.SwiftAlgorithmsTests;
				PRODUCT_NAME = "$(TARGET_NAME)";
				SWIFT_VERSION = 4.0;
				TARGETED_DEVICE_FAMILY = "1,2";
				TEST_HOST = "$(BUILT_PRODUCTS_DIR)/SwiftAlgorithms.app/SwiftAlgorithms";
			};
			name = Debug;
		};
		CF77F93220AB76DB00AD49E0 /* Release */ = {
			isa = XCBuildConfiguration;
			buildSettings = {
				ALWAYS_EMBED_SWIFT_STANDARD_LIBRARIES = YES;
				BUNDLE_LOADER = "$(TEST_HOST)";
				CODE_SIGN_STYLE = Automatic;
				INFOPLIST_FILE = SwiftAlgorithmsTests/Info.plist;
				LD_RUNPATH_SEARCH_PATHS = "$(inherited) @executable_path/Frameworks @loader_path/Frameworks";
				PRODUCT_BUNDLE_IDENTIFIER = com.rogers.SwiftAlgorithmsTests;
				PRODUCT_NAME = "$(TARGET_NAME)";
				SWIFT_VERSION = 4.0;
				TARGETED_DEVICE_FAMILY = "1,2";
				TEST_HOST = "$(BUILT_PRODUCTS_DIR)/SwiftAlgorithms.app/SwiftAlgorithms";
			};
			name = Release;
		};
		CF77F93420AB76DB00AD49E0 /* Debug */ = {
			isa = XCBuildConfiguration;
			buildSettings = {
				ALWAYS_EMBED_SWIFT_STANDARD_LIBRARIES = YES;
				CODE_SIGN_STYLE = Automatic;
				INFOPLIST_FILE = SwiftAlgorithmsUITests/Info.plist;
				LD_RUNPATH_SEARCH_PATHS = "$(inherited) @executable_path/Frameworks @loader_path/Frameworks";
				PRODUCT_BUNDLE_IDENTIFIER = com.rogers.SwiftAlgorithmsUITests;
				PRODUCT_NAME = "$(TARGET_NAME)";
				SWIFT_VERSION = 4.0;
				TARGETED_DEVICE_FAMILY = "1,2";
				TEST_TARGET_NAME = SwiftAlgorithms;
			};
			name = Debug;
		};
		CF77F93520AB76DB00AD49E0 /* Release */ = {
			isa = XCBuildConfiguration;
			buildSettings = {
				ALWAYS_EMBED_SWIFT_STANDARD_LIBRARIES = YES;
				CODE_SIGN_STYLE = Automatic;
				INFOPLIST_FILE = SwiftAlgorithmsUITests/Info.plist;
				LD_RUNPATH_SEARCH_PATHS = "$(inherited) @executable_path/Frameworks @loader_path/Frameworks";
				PRODUCT_BUNDLE_IDENTIFIER = com.rogers.SwiftAlgorithmsUITests;
				PRODUCT_NAME = "$(TARGET_NAME)";
				SWIFT_VERSION = 4.0;
				TARGETED_DEVICE_FAMILY = "1,2";
				TEST_TARGET_NAME = SwiftAlgorithms;
			};
			name = Release;
		};
/* End XCBuildConfiguration section */

/* Begin XCConfigurationList section */
		CF77F90020AB76DB00AD49E0 /* Build configuration list for PBXProject "SwiftAlgorithms" */ = {
			isa = XCConfigurationList;
			buildConfigurations = (
				CF77F92B20AB76DB00AD49E0 /* Debug */,
				CF77F92C20AB76DB00AD49E0 /* Release */,
			);
			defaultConfigurationIsVisible = 0;
			defaultConfigurationName = Release;
		};
		CF77F92D20AB76DB00AD49E0 /* Build configuration list for PBXNativeTarget "SwiftAlgorithms" */ = {
			isa = XCConfigurationList;
			buildConfigurations = (
				CF77F92E20AB76DB00AD49E0 /* Debug */,
				CF77F92F20AB76DB00AD49E0 /* Release */,
			);
			defaultConfigurationIsVisible = 0;
			defaultConfigurationName = Release;
		};
		CF77F93020AB76DB00AD49E0 /* Build configuration list for PBXNativeTarget "SwiftAlgorithmsTests" */ = {
			isa = XCConfigurationList;
			buildConfigurations = (
				CF77F93120AB76DB00AD49E0 /* Debug */,
				CF77F93220AB76DB00AD49E0 /* Release */,
			);
			defaultConfigurationIsVisible = 0;
			defaultConfigurationName = Release;
		};
		CF77F93320AB76DB00AD49E0 /* Build configuration list for PBXNativeTarget "SwiftAlgorithmsUITests" */ = {
			isa = XCConfigurationList;
			buildConfigurations = (
				CF77F93420AB76DB00AD49E0 /* Debug */,
				CF77F93520AB76DB00AD49E0 /* Release */,
			);
			defaultConfigurationIsVisible = 0;
			defaultConfigurationName = Release;
		};
/* End XCConfigurationList section */
	};
	rootObject = CF77F8FD20AB76DB00AD49E0 /* Project object */;
}
